
Microsoft Visual Studio Solution File, Format Version 12.00
# Visual Studio Version 17
VisualStudioVersion = 17.0.31903.59
MinimumVisualStudioVersion = 10.0.40219.1
Project("{2150E333-8FDC-42A3-9474-1A3956D46DE8}") = "src", "src", "{827E0CD3-B72D-47B6-A68D-7590B98EB39B}"
EndProject
Project("{FAE04EC0-301F-11D3-BF4B-00C04F79EFBC}") = "FlowOrchestrator.Core", "src\FlowOrchestrator.Core\FlowOrchestrator.Core.csproj", "{A76CA949-469E-480B-B5A0-264F7878F56C}"
EndProject
Project("{FAE04EC0-301F-11D3-BF4B-00C04F79EFBC}") = "FlowOrchestrator.Hangfire", "src\FlowOrchestrator.Hangfire\FlowOrchestrator.Hangfire.csproj", "{9D3F6309-CBA5-4243-ADE2-585A5990F8FA}"
EndProject
Project("{FAE04EC0-301F-11D3-BF4B-00C04F79EFBC}") = "FlowOrchestrator.Dashboard", "src\FlowOrchestrator.Dashboard\FlowOrchestrator.Dashboard.csproj", "{C095C40B-CAB7-4C3F-9CE4-217147CB8794}"
EndProject
Project("{2150E333-8FDC-42A3-9474-1A3956D46DE8}") = "samples", "samples", "{5D20AA90-6969-D8BD-9DCD-8634F4692FDA}"
EndProject
Project("{FAE04EC0-301F-11D3-BF4B-00C04F79EFBC}") = "FlowOrchestrator.SampleApp", "samples\FlowOrchestrator.SampleApp\FlowOrchestrator.SampleApp.csproj", "{0C701E22-C822-496F-BD26-0ED8347FF368}"
EndProject
Project("{FAE04EC0-301F-11D3-BF4B-00C04F79EFBC}") = "FlowOrchestrator.AppHost", "FlowOrchestrator.AppHost\FlowOrchestrator.AppHost.csproj", "{6133E387-8EA3-4CB4-89D8-C32C9459BEF0}"
EndProject
Project("{FAE04EC0-301F-11D3-BF4B-00C04F79EFBC}") = "FlowOrchestrator.SqlServer", "src\FlowOrchestrator.SqlServer\FlowOrchestrator.SqlServer.csproj", "{135D6F50-358A-4D0F-B49D-15AAA5E9A364}"
EndProject
Project("{FAE04EC0-301F-11D3-BF4B-00C04F79EFBC}") = "FlowOrchestrator.PostgreSQL", "src\FlowOrchestrator.PostgreSQL\FlowOrchestrator.PostgreSQL.csproj", "{F9FAE91C-4F3C-40D7-9C2F-4D9930EED86C}"
EndProject
Project("{FAE04EC0-301F-11D3-BF4B-00C04F79EFBC}") = "FlowOrchestrator.InMemory", "src\FlowOrchestrator.InMemory\FlowOrchestrator.InMemory.csproj", "{48C59233-D7A7-4E0C-AD75-AF19C4D5BF1E}"
EndProject
Project("{FAE04EC0-301F-11D3-BF4B-00C04F79EFBC}") = "FlowOrchestrator.Testing", "src\FlowOrchestrator.Testing\FlowOrchestrator.Testing.csproj", "{7EA22609-A93C-45EC-96AA-183F7CD2FBFE}"
EndProject
Project("{FAE04EC0-301F-11D3-BF4B-00C04F79EFBC}") = "FlowOrchestrator.SampleApp.Tests", "samples\FlowOrchestrator.SampleApp.Tests\FlowOrchestrator.SampleApp.Tests.csproj", "{B22057EC-FDA4-4C22-8A91-B057B394DCAA}"
EndProject
Project("{2150E333-8FDC-42A3-9474-1A3956D46DE8}") = "tests", "tests", "{0AB3BF05-4346-4AA6-1389-037BE0695223}"
EndProject
Project("{2150E333-8FDC-42A3-9474-1A3956D46DE8}") = "unit", "unit", "{9D556B49-86D1-93A7-9596-FFAAB74EC556}"
EndProject
Project("{FAE04EC0-301F-11D3-BF4B-00C04F79EFBC}") = "FlowOrchestrator.Core.UnitTests", "tests\unit\FlowOrchestrator.Core.UnitTests\FlowOrchestrator.Core.UnitTests.csproj", "{1F63B867-3A82-4312-B82F-7DA700A2F0CC}"
EndProject
Project("{FAE04EC0-301F-11D3-BF4B-00C04F79EFBC}") = "FlowOrchestrator.InMemory.UnitTests", "tests\unit\FlowOrchestrator.InMemory.UnitTests\FlowOrchestrator.InMemory.UnitTests.csproj", "{2AF4AB8F-2789-4789-9CCE-55DEDAE9E1F9}"
EndProject
Project("{FAE04EC0-301F-11D3-BF4B-00C04F79EFBC}") = "FlowOrchestrator.Hangfire.UnitTests", "tests\unit\FlowOrchestrator.Hangfire.UnitTests\FlowOrchestrator.Hangfire.UnitTests.csproj", "{AEFFD27B-7150-401C-BFE0-C567B38012BE}"
EndProject
Project("{FAE04EC0-301F-11D3-BF4B-00C04F79EFBC}") = "FlowOrchestrator.SqlServer.UnitTests", "tests\unit\FlowOrchestrator.SqlServer.UnitTests\FlowOrchestrator.SqlServer.UnitTests.csproj", "{69E654B0-FCF2-4DE5-AA90-24E82C088F06}"
EndProject
Project("{2150E333-8FDC-42A3-9474-1A3956D46DE8}") = "integration", "integration", "{28A6993C-471E-82FE-7D9E-AD3B1EC22BD9}"
EndProject
Project("{FAE04EC0-301F-11D3-BF4B-00C04F79EFBC}") = "FlowOrchestrator.Dashboard.IntegrationTests", "tests\integration\FlowOrchestrator.Dashboard.IntegrationTests\FlowOrchestrator.Dashboard.IntegrationTests.csproj", "{C0FB68D3-9790-40FF-A945-AB831536C695}"
EndProject
Project("{FAE04EC0-301F-11D3-BF4B-00C04F79EFBC}") = "FlowOrchestrator.PostgreSQL.IntegrationTests", "tests\integration\FlowOrchestrator.PostgreSQL.IntegrationTests\FlowOrchestrator.PostgreSQL.IntegrationTests.csproj", "{9BAE3546-6668-41B9-A07F-07EE6C364302}"
EndProject
Project("{FAE04EC0-301F-11D3-BF4B-00C04F79EFBC}") = "FlowOrchestrator.SqlServer.IntegrationTests", "tests\integration\FlowOrchestrator.SqlServer.IntegrationTests\FlowOrchestrator.SqlServer.IntegrationTests.csproj", "{4BFFFA7E-9F7E-491A-B2B9-92A6E7A448E2}"
EndProject
Project("{FAE04EC0-301F-11D3-BF4B-00C04F79EFBC}") = "FlowOrchestrator.Hangfire.IntegrationTests", "tests\integration\FlowOrchestrator.Hangfire.IntegrationTests\FlowOrchestrator.Hangfire.IntegrationTests.csproj", "{8BCDA363-D47A-4EA2-B384-9BA4540415DF}"
EndProject
Project("{FAE04EC0-301F-11D3-BF4B-00C04F79EFBC}") = "FlowOrchestrator.InMemory.IntegrationTests", "tests\integration\FlowOrchestrator.InMemory.IntegrationTests\FlowOrchestrator.InMemory.IntegrationTests.csproj", "{8FB301AA-152F-4E30-86DD-47E5CF3144C7}"
EndProject
Project("{FAE04EC0-301F-11D3-BF4B-00C04F79EFBC}") = "FlowOrchestrator.Testing.IntegrationTests", "tests\integration\FlowOrchestrator.Testing.IntegrationTests\FlowOrchestrator.Testing.IntegrationTests.csproj", "{57F801CE-11A8-4E61-9975-CB28F1EB3E74}"
EndProject
Project("{2150E333-8FDC-42A3-9474-1A3956D46DE8}") = "regression", "regression", "{8D4DF467-C668-BD93-69C0-A0E82C99B4E0}"
EndProject
Project("{FAE04EC0-301F-11D3-BF4B-00C04F79EFBC}") = "FlowOrchestrator.RegressionTests", "tests\regression\FlowOrchestrator.RegressionTests\FlowOrchestrator.RegressionTests.csproj", "{0547C7E1-A69D-43BB-BD4F-193BD79B1010}"
EndProject
Global
	GlobalSection(SolutionConfigurationPlatforms) = preSolution
		Debug|Any CPU = Debug|Any CPU
		Debug|x64 = Debug|x64
		Debug|x86 = Debug|x86
		Release|Any CPU = Release|Any CPU
		Release|x64 = Release|x64
		Release|x86 = Release|x86
	EndGlobalSection
	GlobalSection(ProjectConfigurationPlatforms) = postSolution
		{A76CA949-469E-480B-B5A0-264F7878F56C}.Debug|Any CPU.ActiveCfg = Debug|Any CPU
		{A76CA949-469E-480B-B5A0-264F7878F56C}.Debug|Any CPU.Build.0 = Debug|Any CPU
		{A76CA949-469E-480B-B5A0-264F7878F56C}.Debug|x64.ActiveCfg = Debug|Any CPU
		{A76CA949-469E-480B-B5A0-264F7878F56C}.Debug|x64.Build.0 = Debug|Any CPU
		{A76CA949-469E-480B-B5A0-264F7878F56C}.Debug|x86.ActiveCfg = Debug|Any CPU
		{A76CA949-469E-480B-B5A0-264F7878F56C}.Debug|x86.Build.0 = Debug|Any CPU
		{A76CA949-469E-480B-B5A0-264F7878F56C}.Release|Any CPU.ActiveCfg = Release|Any CPU
		{A76CA949-469E-480B-B5A0-264F7878F56C}.Release|Any CPU.Build.0 = Release|Any CPU
		{A76CA949-469E-480B-B5A0-264F7878F56C}.Release|x64.ActiveCfg = Release|Any CPU
		{A76CA949-469E-480B-B5A0-264F7878F56C}.Release|x64.Build.0 = Release|Any CPU
		{A76CA949-469E-480B-B5A0-264F7878F56C}.Release|x86.ActiveCfg = Release|Any CPU
		{A76CA949-469E-480B-B5A0-264F7878F56C}.Release|x86.Build.0 = Release|Any CPU
		{9D3F6309-CBA5-4243-ADE2-585A5990F8FA}.Debug|Any CPU.ActiveCfg = Debug|Any CPU
		{9D3F6309-CBA5-4243-ADE2-585A5990F8FA}.Debug|Any CPU.Build.0 = Debug|Any CPU
		{9D3F6309-CBA5-4243-ADE2-585A5990F8FA}.Debug|x64.ActiveCfg = Debug|Any CPU
		{9D3F6309-CBA5-4243-ADE2-585A5990F8FA}.Debug|x64.Build.0 = Debug|Any CPU
		{9D3F6309-CBA5-4243-ADE2-585A5990F8FA}.Debug|x86.ActiveCfg = Debug|Any CPU
		{9D3F6309-CBA5-4243-ADE2-585A5990F8FA}.Debug|x86.Build.0 = Debug|Any CPU
		{9D3F6309-CBA5-4243-ADE2-585A5990F8FA}.Release|Any CPU.ActiveCfg = Release|Any CPU
		{9D3F6309-CBA5-4243-ADE2-585A5990F8FA}.Release|Any CPU.Build.0 = Release|Any CPU
		{9D3F6309-CBA5-4243-ADE2-585A5990F8FA}.Release|x64.ActiveCfg = Release|Any CPU
		{9D3F6309-CBA5-4243-ADE2-585A5990F8FA}.Release|x64.Build.0 = Release|Any CPU
		{9D3F6309-CBA5-4243-ADE2-585A5990F8FA}.Release|x86.ActiveCfg = Release|Any CPU
		{9D3F6309-CBA5-4243-ADE2-585A5990F8FA}.Release|x86.Build.0 = Release|Any CPU
		{C095C40B-CAB7-4C3F-9CE4-217147CB8794}.Debug|Any CPU.ActiveCfg = Debug|Any CPU
		{C095C40B-CAB7-4C3F-9CE4-217147CB8794}.Debug|Any CPU.Build.0 = Debug|Any CPU
		{C095C40B-CAB7-4C3F-9CE4-217147CB8794}.Debug|x64.ActiveCfg = Debug|Any CPU
		{C095C40B-CAB7-4C3F-9CE4-217147CB8794}.Debug|x64.Build.0 = Debug|Any CPU
		{C095C40B-CAB7-4C3F-9CE4-217147CB8794}.Debug|x86.ActiveCfg = Debug|Any CPU
		{C095C40B-CAB7-4C3F-9CE4-217147CB8794}.Debug|x86.Build.0 = Debug|Any CPU
		{C095C40B-CAB7-4C3F-9CE4-217147CB8794}.Release|Any CPU.ActiveCfg = Release|Any CPU
		{C095C40B-CAB7-4C3F-9CE4-217147CB8794}.Release|Any CPU.Build.0 = Release|Any CPU
		{C095C40B-CAB7-4C3F-9CE4-217147CB8794}.Release|x64.ActiveCfg = Release|Any CPU
		{C095C40B-CAB7-4C3F-9CE4-217147CB8794}.Release|x64.Build.0 = Release|Any CPU
		{C095C40B-CAB7-4C3F-9CE4-217147CB8794}.Release|x86.ActiveCfg = Release|Any CPU
		{C095C40B-CAB7-4C3F-9CE4-217147CB8794}.Release|x86.Build.0 = Release|Any CPU
		{0C701E22-C822-496F-BD26-0ED8347FF368}.Debug|Any CPU.ActiveCfg = Debug|Any CPU
		{0C701E22-C822-496F-BD26-0ED8347FF368}.Debug|Any CPU.Build.0 = Debug|Any CPU
		{0C701E22-C822-496F-BD26-0ED8347FF368}.Debug|x64.ActiveCfg = Debug|Any CPU
		{0C701E22-C822-496F-BD26-0ED8347FF368}.Debug|x64.Build.0 = Debug|Any CPU
		{0C701E22-C822-496F-BD26-0ED8347FF368}.Debug|x86.ActiveCfg = Debug|Any CPU
		{0C701E22-C822-496F-BD26-0ED8347FF368}.Debug|x86.Build.0 = Debug|Any CPU
		{0C701E22-C822-496F-BD26-0ED8347FF368}.Release|Any CPU.ActiveCfg = Release|Any CPU
		{0C701E22-C822-496F-BD26-0ED8347FF368}.Release|Any CPU.Build.0 = Release|Any CPU
		{0C701E22-C822-496F-BD26-0ED8347FF368}.Release|x64.ActiveCfg = Release|Any CPU
		{0C701E22-C822-496F-BD26-0ED8347FF368}.Release|x64.Build.0 = Release|Any CPU
		{0C701E22-C822-496F-BD26-0ED8347FF368}.Release|x86.ActiveCfg = Release|Any CPU
		{0C701E22-C822-496F-BD26-0ED8347FF368}.Release|x86.Build.0 = Release|Any CPU
		{6133E387-8EA3-4CB4-89D8-C32C9459BEF0}.Debug|Any CPU.ActiveCfg = Debug|Any CPU
		{6133E387-8EA3-4CB4-89D8-C32C9459BEF0}.Debug|Any CPU.Build.0 = Debug|Any CPU
		{6133E387-8EA3-4CB4-89D8-C32C9459BEF0}.Debug|x64.ActiveCfg = Debug|Any CPU
		{6133E387-8EA3-4CB4-89D8-C32C9459BEF0}.Debug|x64.Build.0 = Debug|Any CPU
		{6133E387-8EA3-4CB4-89D8-C32C9459BEF0}.Debug|x86.ActiveCfg = Debug|Any CPU
		{6133E387-8EA3-4CB4-89D8-C32C9459BEF0}.Debug|x86.Build.0 = Debug|Any CPU
		{6133E387-8EA3-4CB4-89D8-C32C9459BEF0}.Release|Any CPU.ActiveCfg = Release|Any CPU
		{6133E387-8EA3-4CB4-89D8-C32C9459BEF0}.Release|Any CPU.Build.0 = Release|Any CPU
		{6133E387-8EA3-4CB4-89D8-C32C9459BEF0}.Release|x64.ActiveCfg = Release|Any CPU
		{6133E387-8EA3-4CB4-89D8-C32C9459BEF0}.Release|x64.Build.0 = Release|Any CPU
		{6133E387-8EA3-4CB4-89D8-C32C9459BEF0}.Release|x86.ActiveCfg = Release|Any CPU
		{6133E387-8EA3-4CB4-89D8-C32C9459BEF0}.Release|x86.Build.0 = Release|Any CPU
		{135D6F50-358A-4D0F-B49D-15AAA5E9A364}.Debug|Any CPU.ActiveCfg = Debug|Any CPU
		{135D6F50-358A-4D0F-B49D-15AAA5E9A364}.Debug|Any CPU.Build.0 = Debug|Any CPU
		{135D6F50-358A-4D0F-B49D-15AAA5E9A364}.Debug|x64.ActiveCfg = Debug|Any CPU
		{135D6F50-358A-4D0F-B49D-15AAA5E9A364}.Debug|x64.Build.0 = Debug|Any CPU
		{135D6F50-358A-4D0F-B49D-15AAA5E9A364}.Debug|x86.ActiveCfg = Debug|Any CPU
		{135D6F50-358A-4D0F-B49D-15AAA5E9A364}.Debug|x86.Build.0 = Debug|Any CPU
		{135D6F50-358A-4D0F-B49D-15AAA5E9A364}.Release|Any CPU.ActiveCfg = Release|Any CPU
		{135D6F50-358A-4D0F-B49D-15AAA5E9A364}.Release|Any CPU.Build.0 = Release|Any CPU
		{135D6F50-358A-4D0F-B49D-15AAA5E9A364}.Release|x64.ActiveCfg = Release|Any CPU
		{135D6F50-358A-4D0F-B49D-15AAA5E9A364}.Release|x64.Build.0 = Release|Any CPU
		{135D6F50-358A-4D0F-B49D-15AAA5E9A364}.Release|x86.ActiveCfg = Release|Any CPU
		{135D6F50-358A-4D0F-B49D-15AAA5E9A364}.Release|x86.Build.0 = Release|Any CPU
		{F9FAE91C-4F3C-40D7-9C2F-4D9930EED86C}.Debug|Any CPU.ActiveCfg = Debug|Any CPU
		{F9FAE91C-4F3C-40D7-9C2F-4D9930EED86C}.Debug|Any CPU.Build.0 = Debug|Any CPU
		{F9FAE91C-4F3C-40D7-9C2F-4D9930EED86C}.Debug|x64.ActiveCfg = Debug|Any CPU
		{F9FAE91C-4F3C-40D7-9C2F-4D9930EED86C}.Debug|x64.Build.0 = Debug|Any CPU
		{F9FAE91C-4F3C-40D7-9C2F-4D9930EED86C}.Debug|x86.ActiveCfg = Debug|Any CPU
		{F9FAE91C-4F3C-40D7-9C2F-4D9930EED86C}.Debug|x86.Build.0 = Debug|Any CPU
		{F9FAE91C-4F3C-40D7-9C2F-4D9930EED86C}.Release|Any CPU.ActiveCfg = Release|Any CPU
		{F9FAE91C-4F3C-40D7-9C2F-4D9930EED86C}.Release|Any CPU.Build.0 = Release|Any CPU
		{F9FAE91C-4F3C-40D7-9C2F-4D9930EED86C}.Release|x64.ActiveCfg = Release|Any CPU
		{F9FAE91C-4F3C-40D7-9C2F-4D9930EED86C}.Release|x64.Build.0 = Release|Any CPU
		{F9FAE91C-4F3C-40D7-9C2F-4D9930EED86C}.Release|x86.ActiveCfg = Release|Any CPU
		{F9FAE91C-4F3C-40D7-9C2F-4D9930EED86C}.Release|x86.Build.0 = Release|Any CPU
		{48C59233-D7A7-4E0C-AD75-AF19C4D5BF1E}.Debug|Any CPU.ActiveCfg = Debug|Any CPU
		{48C59233-D7A7-4E0C-AD75-AF19C4D5BF1E}.Debug|Any CPU.Build.0 = Debug|Any CPU
		{48C59233-D7A7-4E0C-AD75-AF19C4D5BF1E}.Debug|x64.ActiveCfg = Debug|Any CPU
		{48C59233-D7A7-4E0C-AD75-AF19C4D5BF1E}.Debug|x64.Build.0 = Debug|Any CPU
		{48C59233-D7A7-4E0C-AD75-AF19C4D5BF1E}.Debug|x86.ActiveCfg = Debug|Any CPU
		{48C59233-D7A7-4E0C-AD75-AF19C4D5BF1E}.Debug|x86.Build.0 = Debug|Any CPU
		{48C59233-D7A7-4E0C-AD75-AF19C4D5BF1E}.Release|Any CPU.ActiveCfg = Release|Any CPU
		{48C59233-D7A7-4E0C-AD75-AF19C4D5BF1E}.Release|Any CPU.Build.0 = Release|Any CPU
		{48C59233-D7A7-4E0C-AD75-AF19C4D5BF1E}.Release|x64.ActiveCfg = Release|Any CPU
		{48C59233-D7A7-4E0C-AD75-AF19C4D5BF1E}.Release|x64.Build.0 = Release|Any CPU
		{48C59233-D7A7-4E0C-AD75-AF19C4D5BF1E}.Release|x86.ActiveCfg = Release|Any CPU
		{48C59233-D7A7-4E0C-AD75-AF19C4D5BF1E}.Release|x86.Build.0 = Release|Any CPU
		{7EA22609-A93C-45EC-96AA-183F7CD2FBFE}.Debug|Any CPU.ActiveCfg = Debug|Any CPU
		{7EA22609-A93C-45EC-96AA-183F7CD2FBFE}.Debug|Any CPU.Build.0 = Debug|Any CPU
		{7EA22609-A93C-45EC-96AA-183F7CD2FBFE}.Debug|x64.ActiveCfg = Debug|Any CPU
		{7EA22609-A93C-45EC-96AA-183F7CD2FBFE}.Debug|x64.Build.0 = Debug|Any CPU
		{7EA22609-A93C-45EC-96AA-183F7CD2FBFE}.Debug|x86.ActiveCfg = Debug|Any CPU
		{7EA22609-A93C-45EC-96AA-183F7CD2FBFE}.Debug|x86.Build.0 = Debug|Any CPU
		{7EA22609-A93C-45EC-96AA-183F7CD2FBFE}.Release|Any CPU.ActiveCfg = Release|Any CPU
		{7EA22609-A93C-45EC-96AA-183F7CD2FBFE}.Release|Any CPU.Build.0 = Release|Any CPU
		{7EA22609-A93C-45EC-96AA-183F7CD2FBFE}.Release|x64.ActiveCfg = Release|Any CPU
		{7EA22609-A93C-45EC-96AA-183F7CD2FBFE}.Release|x64.Build.0 = Release|Any CPU
		{7EA22609-A93C-45EC-96AA-183F7CD2FBFE}.Release|x86.ActiveCfg = Release|Any CPU
		{7EA22609-A93C-45EC-96AA-183F7CD2FBFE}.Release|x86.Build.0 = Release|Any CPU
		{B22057EC-FDA4-4C22-8A91-B057B394DCAA}.Debug|Any CPU.ActiveCfg = Debug|Any CPU
		{B22057EC-FDA4-4C22-8A91-B057B394DCAA}.Debug|Any CPU.Build.0 = Debug|Any CPU
		{B22057EC-FDA4-4C22-8A91-B057B394DCAA}.Debug|x64.ActiveCfg = Debug|Any CPU
		{B22057EC-FDA4-4C22-8A91-B057B394DCAA}.Debug|x64.Build.0 = Debug|Any CPU
		{B22057EC-FDA4-4C22-8A91-B057B394DCAA}.Debug|x86.ActiveCfg = Debug|Any CPU
		{B22057EC-FDA4-4C22-8A91-B057B394DCAA}.Debug|x86.Build.0 = Debug|Any CPU
		{B22057EC-FDA4-4C22-8A91-B057B394DCAA}.Release|Any CPU.ActiveCfg = Release|Any CPU
		{B22057EC-FDA4-4C22-8A91-B057B394DCAA}.Release|Any CPU.Build.0 = Release|Any CPU
		{B22057EC-FDA4-4C22-8A91-B057B394DCAA}.Release|x64.ActiveCfg = Release|Any CPU
		{B22057EC-FDA4-4C22-8A91-B057B394DCAA}.Release|x64.Build.0 = Release|Any CPU
		{B22057EC-FDA4-4C22-8A91-B057B394DCAA}.Release|x86.ActiveCfg = Release|Any CPU
		{B22057EC-FDA4-4C22-8A91-B057B394DCAA}.Release|x86.Build.0 = Release|Any CPU
		{1F63B867-3A82-4312-B82F-7DA700A2F0CC}.Debug|Any CPU.ActiveCfg = Debug|Any CPU
		{1F63B867-3A82-4312-B82F-7DA700A2F0CC}.Debug|Any CPU.Build.0 = Debug|Any CPU
		{1F63B867-3A82-4312-B82F-7DA700A2F0CC}.Debug|x64.ActiveCfg = Debug|Any CPU
		{1F63B867-3A82-4312-B82F-7DA700A2F0CC}.Debug|x64.Build.0 = Debug|Any CPU
		{1F63B867-3A82-4312-B82F-7DA700A2F0CC}.Debug|x86.ActiveCfg = Debug|Any CPU
		{1F63B867-3A82-4312-B82F-7DA700A2F0CC}.Debug|x86.Build.0 = Debug|Any CPU
		{1F63B867-3A82-4312-B82F-7DA700A2F0CC}.Release|Any CPU.ActiveCfg = Release|Any CPU
		{1F63B867-3A82-4312-B82F-7DA700A2F0CC}.Release|Any CPU.Build.0 = Release|Any CPU
		{1F63B867-3A82-4312-B82F-7DA700A2F0CC}.Release|x64.ActiveCfg = Release|Any CPU
		{1F63B867-3A82-4312-B82F-7DA700A2F0CC}.Release|x64.Build.0 = Release|Any CPU
		{1F63B867-3A82-4312-B82F-7DA700A2F0CC}.Release|x86.ActiveCfg = Release|Any CPU
		{1F63B867-3A82-4312-B82F-7DA700A2F0CC}.Release|x86.Build.0 = Release|Any CPU
		{2AF4AB8F-2789-4789-9CCE-55DEDAE9E1F9}.Debug|Any CPU.ActiveCfg = Debug|Any CPU
		{2AF4AB8F-2789-4789-9CCE-55DEDAE9E1F9}.Debug|Any CPU.Build.0 = Debug|Any CPU
		{2AF4AB8F-2789-4789-9CCE-55DEDAE9E1F9}.Debug|x64.ActiveCfg = Debug|Any CPU
		{2AF4AB8F-2789-4789-9CCE-55DEDAE9E1F9}.Debug|x64.Build.0 = Debug|Any CPU
		{2AF4AB8F-2789-4789-9CCE-55DEDAE9E1F9}.Debug|x86.ActiveCfg = Debug|Any CPU
		{2AF4AB8F-2789-4789-9CCE-55DEDAE9E1F9}.Debug|x86.Build.0 = Debug|Any CPU
		{2AF4AB8F-2789-4789-9CCE-55DEDAE9E1F9}.Release|Any CPU.ActiveCfg = Release|Any CPU
		{2AF4AB8F-2789-4789-9CCE-55DEDAE9E1F9}.Release|Any CPU.Build.0 = Release|Any CPU
		{2AF4AB8F-2789-4789-9CCE-55DEDAE9E1F9}.Release|x64.ActiveCfg = Release|Any CPU
		{2AF4AB8F-2789-4789-9CCE-55DEDAE9E1F9}.Release|x64.Build.0 = Release|Any CPU
		{2AF4AB8F-2789-4789-9CCE-55DEDAE9E1F9}.Release|x86.ActiveCfg = Release|Any CPU
		{2AF4AB8F-2789-4789-9CCE-55DEDAE9E1F9}.Release|x86.Build.0 = Release|Any CPU
		{AEFFD27B-7150-401C-BFE0-C567B38012BE}.Debug|Any CPU.ActiveCfg = Debug|Any CPU
		{AEFFD27B-7150-401C-BFE0-C567B38012BE}.Debug|Any CPU.Build.0 = Debug|Any CPU
		{AEFFD27B-7150-401C-BFE0-C567B38012BE}.Debug|x64.ActiveCfg = Debug|Any CPU
		{AEFFD27B-7150-401C-BFE0-C567B38012BE}.Debug|x64.Build.0 = Debug|Any CPU
		{AEFFD27B-7150-401C-BFE0-C567B38012BE}.Debug|x86.ActiveCfg = Debug|Any CPU
		{AEFFD27B-7150-401C-BFE0-C567B38012BE}.Debug|x86.Build.0 = Debug|Any CPU
		{AEFFD27B-7150-401C-BFE0-C567B38012BE}.Release|Any CPU.ActiveCfg = Release|Any CPU
		{AEFFD27B-7150-401C-BFE0-C567B38012BE}.Release|Any CPU.Build.0 = Release|Any CPU
		{AEFFD27B-7150-401C-BFE0-C567B38012BE}.Release|x64.ActiveCfg = Release|Any CPU
		{AEFFD27B-7150-401C-BFE0-C567B38012BE}.Release|x64.Build.0 = Release|Any CPU
		{AEFFD27B-7150-401C-BFE0-C567B38012BE}.Release|x86.ActiveCfg = Release|Any CPU
		{AEFFD27B-7150-401C-BFE0-C567B38012BE}.Release|x86.Build.0 = Release|Any CPU
		{69E654B0-FCF2-4DE5-AA90-24E82C088F06}.Debug|Any CPU.ActiveCfg = Debug|Any CPU
		{69E654B0-FCF2-4DE5-AA90-24E82C088F06}.Debug|Any CPU.Build.0 = Debug|Any CPU
		{69E654B0-FCF2-4DE5-AA90-24E82C088F06}.Debug|x64.ActiveCfg = Debug|Any CPU
		{69E654B0-FCF2-4DE5-AA90-24E82C088F06}.Debug|x64.Build.0 = Debug|Any CPU
		{69E654B0-FCF2-4DE5-AA90-24E82C088F06}.Debug|x86.ActiveCfg = Debug|Any CPU
		{69E654B0-FCF2-4DE5-AA90-24E82C088F06}.Debug|x86.Build.0 = Debug|Any CPU
		{69E654B0-FCF2-4DE5-AA90-24E82C088F06}.Release|Any CPU.ActiveCfg = Release|Any CPU
		{69E654B0-FCF2-4DE5-AA90-24E82C088F06}.Release|Any CPU.Build.0 = Release|Any CPU
		{69E654B0-FCF2-4DE5-AA90-24E82C088F06}.Release|x64.ActiveCfg = Release|Any CPU
		{69E654B0-FCF2-4DE5-AA90-24E82C088F06}.Release|x64.Build.0 = Release|Any CPU
		{69E654B0-FCF2-4DE5-AA90-24E82C088F06}.Release|x86.ActiveCfg = Release|Any CPU
		{69E654B0-FCF2-4DE5-AA90-24E82C088F06}.Release|x86.Build.0 = Release|Any CPU
		{C0FB68D3-9790-40FF-A945-AB831536C695}.Debug|Any CPU.ActiveCfg = Debug|Any CPU
		{C0FB68D3-9790-40FF-A945-AB831536C695}.Debug|Any CPU.Build.0 = Debug|Any CPU
		{C0FB68D3-9790-40FF-A945-AB831536C695}.Debug|x64.ActiveCfg = Debug|Any CPU
		{C0FB68D3-9790-40FF-A945-AB831536C695}.Debug|x64.Build.0 = Debug|Any CPU
		{C0FB68D3-9790-40FF-A945-AB831536C695}.Debug|x86.ActiveCfg = Debug|Any CPU
		{C0FB68D3-9790-40FF-A945-AB831536C695}.Debug|x86.Build.0 = Debug|Any CPU
		{C0FB68D3-9790-40FF-A945-AB831536C695}.Release|Any CPU.ActiveCfg = Release|Any CPU
		{C0FB68D3-9790-40FF-A945-AB831536C695}.Release|Any CPU.Build.0 = Release|Any CPU
		{C0FB68D3-9790-40FF-A945-AB831536C695}.Release|x64.ActiveCfg = Release|Any CPU
		{C0FB68D3-9790-40FF-A945-AB831536C695}.Release|x64.Build.0 = Release|Any CPU
		{C0FB68D3-9790-40FF-A945-AB831536C695}.Release|x86.ActiveCfg = Release|Any CPU
		{C0FB68D3-9790-40FF-A945-AB831536C695}.Release|x86.Build.0 = Release|Any CPU
		{9BAE3546-6668-41B9-A07F-07EE6C364302}.Debug|Any CPU.ActiveCfg = Debug|Any CPU
		{9BAE3546-6668-41B9-A07F-07EE6C364302}.Debug|Any CPU.Build.0 = Debug|Any CPU
		{9BAE3546-6668-41B9-A07F-07EE6C364302}.Debug|x64.ActiveCfg = Debug|Any CPU
		{9BAE3546-6668-41B9-A07F-07EE6C364302}.Debug|x64.Build.0 = Debug|Any CPU
		{9BAE3546-6668-41B9-A07F-07EE6C364302}.Debug|x86.ActiveCfg = Debug|Any CPU
		{9BAE3546-6668-41B9-A07F-07EE6C364302}.Debug|x86.Build.0 = Debug|Any CPU
		{9BAE3546-6668-41B9-A07F-07EE6C364302}.Release|Any CPU.ActiveCfg = Release|Any CPU
		{9BAE3546-6668-41B9-A07F-07EE6C364302}.Release|Any CPU.Build.0 = Release|Any CPU
		{9BAE3546-6668-41B9-A07F-07EE6C364302}.Release|x64.ActiveCfg = Release|Any CPU
		{9BAE3546-6668-41B9-A07F-07EE6C364302}.Release|x64.Build.0 = Release|Any CPU
		{9BAE3546-6668-41B9-A07F-07EE6C364302}.Release|x86.ActiveCfg = Release|Any CPU
		{9BAE3546-6668-41B9-A07F-07EE6C364302}.Release|x86.Build.0 = Release|Any CPU
		{4BFFFA7E-9F7E-491A-B2B9-92A6E7A448E2}.Debug|Any CPU.ActiveCfg = Debug|Any CPU
		{4BFFFA7E-9F7E-491A-B2B9-92A6E7A448E2}.Debug|Any CPU.Build.0 = Debug|Any CPU
		{4BFFFA7E-9F7E-491A-B2B9-92A6E7A448E2}.Debug|x64.ActiveCfg = Debug|Any CPU
		{4BFFFA7E-9F7E-491A-B2B9-92A6E7A448E2}.Debug|x64.Build.0 = Debug|Any CPU
		{4BFFFA7E-9F7E-491A-B2B9-92A6E7A448E2}.Debug|x86.ActiveCfg = Debug|Any CPU
		{4BFFFA7E-9F7E-491A-B2B9-92A6E7A448E2}.Debug|x86.Build.0 = Debug|Any CPU
		{4BFFFA7E-9F7E-491A-B2B9-92A6E7A448E2}.Release|Any CPU.ActiveCfg = Release|Any CPU
		{4BFFFA7E-9F7E-491A-B2B9-92A6E7A448E2}.Release|Any CPU.Build.0 = Release|Any CPU
		{4BFFFA7E-9F7E-491A-B2B9-92A6E7A448E2}.Release|x64.ActiveCfg = Release|Any CPU
		{4BFFFA7E-9F7E-491A-B2B9-92A6E7A448E2}.Release|x64.Build.0 = Release|Any CPU
		{4BFFFA7E-9F7E-491A-B2B9-92A6E7A448E2}.Release|x86.ActiveCfg = Release|Any CPU
		{4BFFFA7E-9F7E-491A-B2B9-92A6E7A448E2}.Release|x86.Build.0 = Release|Any CPU
		{8BCDA363-D47A-4EA2-B384-9BA4540415DF}.Debug|Any CPU.ActiveCfg = Debug|Any CPU
		{8BCDA363-D47A-4EA2-B384-9BA4540415DF}.Debug|Any CPU.Build.0 = Debug|Any CPU
		{8BCDA363-D47A-4EA2-B384-9BA4540415DF}.Debug|x64.ActiveCfg = Debug|Any CPU
		{8BCDA363-D47A-4EA2-B384-9BA4540415DF}.Debug|x64.Build.0 = Debug|Any CPU
		{8BCDA363-D47A-4EA2-B384-9BA4540415DF}.Debug|x86.ActiveCfg = Debug|Any CPU
		{8BCDA363-D47A-4EA2-B384-9BA4540415DF}.Debug|x86.Build.0 = Debug|Any CPU
		{8BCDA363-D47A-4EA2-B384-9BA4540415DF}.Release|Any CPU.ActiveCfg = Release|Any CPU
		{8BCDA363-D47A-4EA2-B384-9BA4540415DF}.Release|Any CPU.Build.0 = Release|Any CPU
		{8BCDA363-D47A-4EA2-B384-9BA4540415DF}.Release|x64.ActiveCfg = Release|Any CPU
		{8BCDA363-D47A-4EA2-B384-9BA4540415DF}.Release|x64.Build.0 = Release|Any CPU
		{8BCDA363-D47A-4EA2-B384-9BA4540415DF}.Release|x86.ActiveCfg = Release|Any CPU
		{8BCDA363-D47A-4EA2-B384-9BA4540415DF}.Release|x86.Build.0 = Release|Any CPU
		{8FB301AA-152F-4E30-86DD-47E5CF3144C7}.Debug|Any CPU.ActiveCfg = Debug|Any CPU
		{8FB301AA-152F-4E30-86DD-47E5CF3144C7}.Debug|Any CPU.Build.0 = Debug|Any CPU
		{8FB301AA-152F-4E30-86DD-47E5CF3144C7}.Debug|x64.ActiveCfg = Debug|Any CPU
		{8FB301AA-152F-4E30-86DD-47E5CF3144C7}.Debug|x64.Build.0 = Debug|Any CPU
		{8FB301AA-152F-4E30-86DD-47E5CF3144C7}.Debug|x86.ActiveCfg = Debug|Any CPU
		{8FB301AA-152F-4E30-86DD-47E5CF3144C7}.Debug|x86.Build.0 = Debug|Any CPU
		{8FB301AA-152F-4E30-86DD-47E5CF3144C7}.Release|Any CPU.ActiveCfg = Release|Any CPU
		{8FB301AA-152F-4E30-86DD-47E5CF3144C7}.Release|Any CPU.Build.0 = Release|Any CPU
		{8FB301AA-152F-4E30-86DD-47E5CF3144C7}.Release|x64.ActiveCfg = Release|Any CPU
		{8FB301AA-152F-4E30-86DD-47E5CF3144C7}.Release|x64.Build.0 = Release|Any CPU
		{8FB301AA-152F-4E30-86DD-47E5CF3144C7}.Release|x86.ActiveCfg = Release|Any CPU
		{8FB301AA-152F-4E30-86DD-47E5CF3144C7}.Release|x86.Build.0 = Release|Any CPU
		{57F801CE-11A8-4E61-9975-CB28F1EB3E74}.Debug|Any CPU.ActiveCfg = Debug|Any CPU
		{57F801CE-11A8-4E61-9975-CB28F1EB3E74}.Debug|Any CPU.Build.0 = Debug|Any CPU
		{57F801CE-11A8-4E61-9975-CB28F1EB3E74}.Debug|x64.ActiveCfg = Debug|Any CPU
		{57F801CE-11A8-4E61-9975-CB28F1EB3E74}.Debug|x64.Build.0 = Debug|Any CPU
		{57F801CE-11A8-4E61-9975-CB28F1EB3E74}.Debug|x86.ActiveCfg = Debug|Any CPU
		{57F801CE-11A8-4E61-9975-CB28F1EB3E74}.Debug|x86.Build.0 = Debug|Any CPU
		{57F801CE-11A8-4E61-9975-CB28F1EB3E74}.Release|Any CPU.ActiveCfg = Release|Any CPU
		{57F801CE-11A8-4E61-9975-CB28F1EB3E74}.Release|Any CPU.Build.0 = Release|Any CPU
		{57F801CE-11A8-4E61-9975-CB28F1EB3E74}.Release|x64.ActiveCfg = Release|Any CPU
		{57F801CE-11A8-4E61-9975-CB28F1EB3E74}.Release|x64.Build.0 = Release|Any CPU
		{57F801CE-11A8-4E61-9975-CB28F1EB3E74}.Release|x86.ActiveCfg = Release|Any CPU
		{57F801CE-11A8-4E61-9975-CB28F1EB3E74}.Release|x86.Build.0 = Release|Any CPU
		{0547C7E1-A69D-43BB-BD4F-193BD79B1010}.Debug|Any CPU.ActiveCfg = Debug|Any CPU
		{0547C7E1-A69D-43BB-BD4F-193BD79B1010}.Debug|Any CPU.Build.0 = Debug|Any CPU
		{0547C7E1-A69D-43BB-BD4F-193BD79B1010}.Debug|x64.ActiveCfg = Debug|Any CPU
		{0547C7E1-A69D-43BB-BD4F-193BD79B1010}.Debug|x64.Build.0 = Debug|Any CPU
		{0547C7E1-A69D-43BB-BD4F-193BD79B1010}.Debug|x86.ActiveCfg = Debug|Any CPU
		{0547C7E1-A69D-43BB-BD4F-193BD79B1010}.Debug|x86.Build.0 = Debug|Any CPU
		{0547C7E1-A69D-43BB-BD4F-193BD79B1010}.Release|Any CPU.ActiveCfg = Release|Any CPU
		{0547C7E1-A69D-43BB-BD4F-193BD79B1010}.Release|Any CPU.Build.0 = Release|Any CPU
		{0547C7E1-A69D-43BB-BD4F-193BD79B1010}.Release|x64.ActiveCfg = Release|Any CPU
		{0547C7E1-A69D-43BB-BD4F-193BD79B1010}.Release|x64.Build.0 = Release|Any CPU
		{0547C7E1-A69D-43BB-BD4F-193BD79B1010}.Release|x86.ActiveCfg = Release|Any CPU
		{0547C7E1-A69D-43BB-BD4F-193BD79B1010}.Release|x86.Build.0 = Release|Any CPU
	EndGlobalSection
	GlobalSection(SolutionProperties) = preSolution
		HideSolutionNode = FALSE
	EndGlobalSection
	GlobalSection(NestedProjects) = preSolution
		{A76CA949-469E-480B-B5A0-264F7878F56C} = {827E0CD3-B72D-47B6-A68D-7590B98EB39B}
		{9D3F6309-CBA5-4243-ADE2-585A5990F8FA} = {827E0CD3-B72D-47B6-A68D-7590B98EB39B}
		{C095C40B-CAB7-4C3F-9CE4-217147CB8794} = {827E0CD3-B72D-47B6-A68D-7590B98EB39B}
		{0C701E22-C822-496F-BD26-0ED8347FF368} = {5D20AA90-6969-D8BD-9DCD-8634F4692FDA}
		{135D6F50-358A-4D0F-B49D-15AAA5E9A364} = {827E0CD3-B72D-47B6-A68D-7590B98EB39B}
		{F9FAE91C-4F3C-40D7-9C2F-4D9930EED86C} = {827E0CD3-B72D-47B6-A68D-7590B98EB39B}
		{48C59233-D7A7-4E0C-AD75-AF19C4D5BF1E} = {827E0CD3-B72D-47B6-A68D-7590B98EB39B}
		{7EA22609-A93C-45EC-96AA-183F7CD2FBFE} = {827E0CD3-B72D-47B6-A68D-7590B98EB39B}
		{B22057EC-FDA4-4C22-8A91-B057B394DCAA} = {5D20AA90-6969-D8BD-9DCD-8634F4692FDA}
		{9D556B49-86D1-93A7-9596-FFAAB74EC556} = {0AB3BF05-4346-4AA6-1389-037BE0695223}
		{1F63B867-3A82-4312-B82F-7DA700A2F0CC} = {9D556B49-86D1-93A7-9596-FFAAB74EC556}
		{2AF4AB8F-2789-4789-9CCE-55DEDAE9E1F9} = {9D556B49-86D1-93A7-9596-FFAAB74EC556}
		{AEFFD27B-7150-401C-BFE0-C567B38012BE} = {9D556B49-86D1-93A7-9596-FFAAB74EC556}
		{69E654B0-FCF2-4DE5-AA90-24E82C088F06} = {9D556B49-86D1-93A7-9596-FFAAB74EC556}
		{28A6993C-471E-82FE-7D9E-AD3B1EC22BD9} = {0AB3BF05-4346-4AA6-1389-037BE0695223}
		{C0FB68D3-9790-40FF-A945-AB831536C695} = {28A6993C-471E-82FE-7D9E-AD3B1EC22BD9}
		{9BAE3546-6668-41B9-A07F-07EE6C364302} = {28A6993C-471E-82FE-7D9E-AD3B1EC22BD9}
		{4BFFFA7E-9F7E-491A-B2B9-92A6E7A448E2} = {28A6993C-471E-82FE-7D9E-AD3B1EC22BD9}
		{8BCDA363-D47A-4EA2-B384-9BA4540415DF} = {28A6993C-471E-82FE-7D9E-AD3B1EC22BD9}
		{8FB301AA-152F-4E30-86DD-47E5CF3144C7} = {28A6993C-471E-82FE-7D9E-AD3B1EC22BD9}
		{57F801CE-11A8-4E61-9975-CB28F1EB3E74} = {28A6993C-471E-82FE-7D9E-AD3B1EC22BD9}
		{8D4DF467-C668-BD93-69C0-A0E82C99B4E0} = {0AB3BF05-4346-4AA6-1389-037BE0695223}
		{0547C7E1-A69D-43BB-BD4F-193BD79B1010} = {8D4DF467-C668-BD93-69C0-A0E82C99B4E0}
	EndGlobalSection
EndGlobal
