
Microsoft Visual Studio Solution File, Format Version 12.00
# Visual Studio Version 17
VisualStudioVersion = 17.0.31903.59
MinimumVisualStudioVersion = 10.0.40219.1
Project("{2150E333-8FDC-42A3-9474-1A3956D46DE8}") = "src", "src", "{827E0CD3-B72D-47B6-A68D-7590B98EB39B}"
EndProject
Project("{FAE04EC0-301F-11D3-BF4B-00C04F79EFBC}") = "FlowOrchestrator.Core", "src\FlowOrchestrator.Core\FlowOrchestrator.Core.csproj", "{A76CA949-469E-480B-B5A0-264F7878F56C}"
EndProject
Project("{FAE04EC0-301F-11D3-BF4B-00C04F79EFBC}") = "FlowOrchestrator.Hangfire", "src\FlowOrchestrator.Hangfire\FlowOrchestrator.Hangfire.csproj", "{9D3F6309-CBA5-4243-ADE2-585A5990F8FA}"
EndProject
Project("{FAE04EC0-301F-11D3-BF4B-00C04F79EFBC}") = "FlowOrchestrator.Dashboard", "src\FlowOrchestrator.Dashboard\FlowOrchestrator.Dashboard.csproj", "{C095C40B-CAB7-4C3F-9CE4-217147CB8794}"
EndProject
Project("{2150E333-8FDC-42A3-9474-1A3956D46DE8}") = "samples", "samples", "{5D20AA90-6969-D8BD-9DCD-8634F4692FDA}"
EndProject
Project("{FAE04EC0-301F-11D3-BF4B-00C04F79EFBC}") = "FlowOrchestrator.SampleApp", "samples\FlowOrchestrator.SampleApp\FlowOrchestrator.SampleApp.csproj", "{0C701E22-C822-496F-BD26-0ED8347FF368}"
EndProject
Project("{FAE04EC0-301F-11D3-BF4B-00C04F79EFBC}") = "FlowOrchestrator.AppHost", "FlowOrchestrator.AppHost\FlowOrchestrator.AppHost.csproj", "{6133E387-8EA3-4CB4-89D8-C32C9459BEF0}"
EndProject
Project("{FAE04EC0-301F-11D3-BF4B-00C04F79EFBC}") = "FlowOrchestrator.SqlServer", "src\FlowOrchestrator.SqlServer\FlowOrchestrator.SqlServer.csproj", "{135D6F50-358A-4D0F-B49D-15AAA5E9A364}"
EndProject
Project("{2150E333-8FDC-42A3-9474-1A3956D46DE8}") = "tests", "tests", "{0AB3BF05-4346-4AA6-1389-037BE0695223}"
EndProject
Project("{FAE04EC0-301F-11D3-BF4B-00C04F79EFBC}") = "FlowOrchestrator.Core.Tests", "tests\FlowOrchestrator.Core.Tests\FlowOrchestrator.Core.Tests.csproj", "{C2D3F30F-F493-4C7D-B116-C9DAC3B536D7}"
EndProject
Project("{FAE04EC0-301F-11D3-BF4B-00C04F79EFBC}") = "FlowOrchestrator.Hangfire.Tests", "tests\FlowOrchestrator.Hangfire.Tests\FlowOrchestrator.Hangfire.Tests.csproj", "{0B3D045A-19D5-4EF2-8A39-D13F43329F42}"
EndProject
Project("{FAE04EC0-301F-11D3-BF4B-00C04F79EFBC}") = "FlowOrchestrator.PostgreSQL", "src\FlowOrchestrator.PostgreSQL\FlowOrchestrator.PostgreSQL.csproj", "{F9FAE91C-4F3C-40D7-9C2F-4D9930EED86C}"
EndProject
Project("{FAE04EC0-301F-11D3-BF4B-00C04F79EFBC}") = "FlowOrchestrator.PostgreSQL.Tests", "tests\FlowOrchestrator.PostgreSQL.Tests\FlowOrchestrator.PostgreSQL.Tests.csproj", "{79898207-4E66-42F3-A432-8CF5BA49FAEB}"
EndProject
Project("{FAE04EC0-301F-11D3-BF4B-00C04F79EFBC}") = "FlowOrchestrator.Dashboard.Tests", "tests\FlowOrchestrator.Dashboard.Tests\FlowOrchestrator.Dashboard.Tests.csproj", "{11789413-DC67-4D95-B083-D7125605960C}"
EndProject
Project("{FAE04EC0-301F-11D3-BF4B-00C04F79EFBC}") = "FlowOrchestrator.SqlServer.Tests", "tests\FlowOrchestrator.SqlServer.Tests\FlowOrchestrator.SqlServer.Tests.csproj", "{91A7F109-65EC-4951-914B-0FDEBA267A48}"
EndProject
Project("{FAE04EC0-301F-11D3-BF4B-00C04F79EFBC}") = "FlowOrchestrator.InMemory", "src\FlowOrchestrator.InMemory\FlowOrchestrator.InMemory.csproj", "{48C59233-D7A7-4E0C-AD75-AF19C4D5BF1E}"
EndProject
Project("{FAE04EC0-301F-11D3-BF4B-00C04F79EFBC}") = "FlowOrchestrator.InMemory.Tests", "tests\FlowOrchestrator.InMemory.Tests\FlowOrchestrator.InMemory.Tests.csproj", "{BD595966-79DB-4EF7-B0F7-9269BEE352CF}"
EndProject
Project("{FAE04EC0-301F-11D3-BF4B-00C04F79EFBC}") = "FlowOrchestrator.Testing", "src\FlowOrchestrator.Testing\FlowOrchestrator.Testing.csproj", "{7EA22609-A93C-45EC-96AA-183F7CD2FBFE}"
EndProject
Project("{FAE04EC0-301F-11D3-BF4B-00C04F79EFBC}") = "FlowOrchestrator.Testing.Tests", "tests\FlowOrchestrator.Testing.Tests\FlowOrchestrator.Testing.Tests.csproj", "{B26C90BA-4664-4D63-BD09-DF9D31E70AB3}"
EndProject
Project("{FAE04EC0-301F-11D3-BF4B-00C04F79EFBC}") = "FlowOrchestrator.SampleApp.Tests", "samples\FlowOrchestrator.SampleApp.Tests\FlowOrchestrator.SampleApp.Tests.csproj", "{B22057EC-FDA4-4C22-8A91-B057B394DCAA}"
EndProject
Global
	GlobalSection(SolutionConfigurationPlatforms) = preSolution
		Debug|Any CPU = Debug|Any CPU
		Debug|x64 = Debug|x64
		Debug|x86 = Debug|x86
		Release|Any CPU = Release|Any CPU
		Release|x64 = Release|x64
		Release|x86 = Release|x86
	EndGlobalSection
	GlobalSection(ProjectConfigurationPlatforms) = postSolution
		{A76CA949-469E-480B-B5A0-264F7878F56C}.Debug|Any CPU.ActiveCfg = Debug|Any CPU
		{A76CA949-469E-480B-B5A0-264F7878F56C}.Debug|Any CPU.Build.0 = Debug|Any CPU
		{A76CA949-469E-480B-B5A0-264F7878F56C}.Debug|x64.ActiveCfg = Debug|Any CPU
		{A76CA949-469E-480B-B5A0-264F7878F56C}.Debug|x64.Build.0 = Debug|Any CPU
		{A76CA949-469E-480B-B5A0-264F7878F56C}.Debug|x86.ActiveCfg = Debug|Any CPU
		{A76CA949-469E-480B-B5A0-264F7878F56C}.Debug|x86.Build.0 = Debug|Any CPU
		{A76CA949-469E-480B-B5A0-264F7878F56C}.Release|Any CPU.ActiveCfg = Release|Any CPU
		{A76CA949-469E-480B-B5A0-264F7878F56C}.Release|Any CPU.Build.0 = Release|Any CPU
		{A76CA949-469E-480B-B5A0-264F7878F56C}.Release|x64.ActiveCfg = Release|Any CPU
		{A76CA949-469E-480B-B5A0-264F7878F56C}.Release|x64.Build.0 = Release|Any CPU
		{A76CA949-469E-480B-B5A0-264F7878F56C}.Release|x86.ActiveCfg = Release|Any CPU
		{A76CA949-469E-480B-B5A0-264F7878F56C}.Release|x86.Build.0 = Release|Any CPU
		{9D3F6309-CBA5-4243-ADE2-585A5990F8FA}.Debug|Any CPU.ActiveCfg = Debug|Any CPU
		{9D3F6309-CBA5-4243-ADE2-585A5990F8FA}.Debug|Any CPU.Build.0 = Debug|Any CPU
		{9D3F6309-CBA5-4243-ADE2-585A5990F8FA}.Debug|x64.ActiveCfg = Debug|Any CPU
		{9D3F6309-CBA5-4243-ADE2-585A5990F8FA}.Debug|x64.Build.0 = Debug|Any CPU
		{9D3F6309-CBA5-4243-ADE2-585A5990F8FA}.Debug|x86.ActiveCfg = Debug|Any CPU
		{9D3F6309-CBA5-4243-ADE2-585A5990F8FA}.Debug|x86.Build.0 = Debug|Any CPU
		{9D3F6309-CBA5-4243-ADE2-585A5990F8FA}.Release|Any CPU.ActiveCfg = Release|Any CPU
		{9D3F6309-CBA5-4243-ADE2-585A5990F8FA}.Release|Any CPU.Build.0 = Release|Any CPU
		{9D3F6309-CBA5-4243-ADE2-585A5990F8FA}.Release|x64.ActiveCfg = Release|Any CPU
		{9D3F6309-CBA5-4243-ADE2-585A5990F8FA}.Release|x64.Build.0 = Release|Any CPU
		{9D3F6309-CBA5-4243-ADE2-585A5990F8FA}.Release|x86.ActiveCfg = Release|Any CPU
		{9D3F6309-CBA5-4243-ADE2-585A5990F8FA}.Release|x86.Build.0 = Release|Any CPU
		{C095C40B-CAB7-4C3F-9CE4-217147CB8794}.Debug|Any CPU.ActiveCfg = Debug|Any CPU
		{C095C40B-CAB7-4C3F-9CE4-217147CB8794}.Debug|Any CPU.Build.0 = Debug|Any CPU
		{C095C40B-CAB7-4C3F-9CE4-217147CB8794}.Debug|x64.ActiveCfg = Debug|Any CPU
		{C095C40B-CAB7-4C3F-9CE4-217147CB8794}.Debug|x64.Build.0 = Debug|Any CPU
		{C095C40B-CAB7-4C3F-9CE4-217147CB8794}.Debug|x86.ActiveCfg = Debug|Any CPU
		{C095C40B-CAB7-4C3F-9CE4-217147CB8794}.Debug|x86.Build.0 = Debug|Any CPU
		{C095C40B-CAB7-4C3F-9CE4-217147CB8794}.Release|Any CPU.ActiveCfg = Release|Any CPU
		{C095C40B-CAB7-4C3F-9CE4-217147CB8794}.Release|Any CPU.Build.0 = Release|Any CPU
		{C095C40B-CAB7-4C3F-9CE4-217147CB8794}.Release|x64.ActiveCfg = Release|Any CPU
		{C095C40B-CAB7-4C3F-9CE4-217147CB8794}.Release|x64.Build.0 = Release|Any CPU
		{C095C40B-CAB7-4C3F-9CE4-217147CB8794}.Release|x86.ActiveCfg = Release|Any CPU
		{C095C40B-CAB7-4C3F-9CE4-217147CB8794}.Release|x86.Build.0 = Release|Any CPU
		{0C701E22-C822-496F-BD26-0ED8347FF368}.Debug|Any CPU.ActiveCfg = Debug|Any CPU
		{0C701E22-C822-496F-BD26-0ED8347FF368}.Debug|Any CPU.Build.0 = Debug|Any CPU
		{0C701E22-C822-496F-BD26-0ED8347FF368}.Debug|x64.ActiveCfg = Debug|Any CPU
		{0C701E22-C822-496F-BD26-0ED8347FF368}.Debug|x64.Build.0 = Debug|Any CPU
		{0C701E22-C822-496F-BD26-0ED8347FF368}.Debug|x86.ActiveCfg = Debug|Any CPU
		{0C701E22-C822-496F-BD26-0ED8347FF368}.Debug|x86.Build.0 = Debug|Any CPU
		{0C701E22-C822-496F-BD26-0ED8347FF368}.Release|Any CPU.ActiveCfg = Release|Any CPU
		{0C701E22-C822-496F-BD26-0ED8347FF368}.Release|Any CPU.Build.0 = Release|Any CPU
		{0C701E22-C822-496F-BD26-0ED8347FF368}.Release|x64.ActiveCfg = Release|Any CPU
		{0C701E22-C822-496F-BD26-0ED8347FF368}.Release|x64.Build.0 = Release|Any CPU
		{0C701E22-C822-496F-BD26-0ED8347FF368}.Release|x86.ActiveCfg = Release|Any CPU
		{0C701E22-C822-496F-BD26-0ED8347FF368}.Release|x86.Build.0 = Release|Any CPU
		{6133E387-8EA3-4CB4-89D8-C32C9459BEF0}.Debug|Any CPU.ActiveCfg = Debug|Any CPU
		{6133E387-8EA3-4CB4-89D8-C32C9459BEF0}.Debug|Any CPU.Build.0 = Debug|Any CPU
		{6133E387-8EA3-4CB4-89D8-C32C9459BEF0}.Debug|x64.ActiveCfg = Debug|Any CPU
		{6133E387-8EA3-4CB4-89D8-C32C9459BEF0}.Debug|x64.Build.0 = Debug|Any CPU
		{6133E387-8EA3-4CB4-89D8-C32C9459BEF0}.Debug|x86.ActiveCfg = Debug|Any CPU
		{6133E387-8EA3-4CB4-89D8-C32C9459BEF0}.Debug|x86.Build.0 = Debug|Any CPU
		{6133E387-8EA3-4CB4-89D8-C32C9459BEF0}.Release|Any CPU.ActiveCfg = Release|Any CPU
		{6133E387-8EA3-4CB4-89D8-C32C9459BEF0}.Release|Any CPU.Build.0 = Release|Any CPU
		{6133E387-8EA3-4CB4-89D8-C32C9459BEF0}.Release|x64.ActiveCfg = Release|Any CPU
		{6133E387-8EA3-4CB4-89D8-C32C9459BEF0}.Release|x64.Build.0 = Release|Any CPU
		{6133E387-8EA3-4CB4-89D8-C32C9459BEF0}.Release|x86.ActiveCfg = Release|Any CPU
		{6133E387-8EA3-4CB4-89D8-C32C9459BEF0}.Release|x86.Build.0 = Release|Any CPU
		{135D6F50-358A-4D0F-B49D-15AAA5E9A364}.Debug|Any CPU.ActiveCfg = Debug|Any CPU
		{135D6F50-358A-4D0F-B49D-15AAA5E9A364}.Debug|Any CPU.Build.0 = Debug|Any CPU
		{135D6F50-358A-4D0F-B49D-15AAA5E9A364}.Debug|x64.ActiveCfg = Debug|Any CPU
		{135D6F50-358A-4D0F-B49D-15AAA5E9A364}.Debug|x64.Build.0 = Debug|Any CPU
		{135D6F50-358A-4D0F-B49D-15AAA5E9A364}.Debug|x86.ActiveCfg = Debug|Any CPU
		{135D6F50-358A-4D0F-B49D-15AAA5E9A364}.Debug|x86.Build.0 = Debug|Any CPU
		{135D6F50-358A-4D0F-B49D-15AAA5E9A364}.Release|Any CPU.ActiveCfg = Release|Any CPU
		{135D6F50-358A-4D0F-B49D-15AAA5E9A364}.Release|Any CPU.Build.0 = Release|Any CPU
		{135D6F50-358A-4D0F-B49D-15AAA5E9A364}.Release|x64.ActiveCfg = Release|Any CPU
		{135D6F50-358A-4D0F-B49D-15AAA5E9A364}.Release|x64.Build.0 = Release|Any CPU
		{135D6F50-358A-4D0F-B49D-15AAA5E9A364}.Release|x86.ActiveCfg = Release|Any CPU
		{135D6F50-358A-4D0F-B49D-15AAA5E9A364}.Release|x86.Build.0 = Release|Any CPU
		{C2D3F30F-F493-4C7D-B116-C9DAC3B536D7}.Debug|Any CPU.ActiveCfg = Debug|Any CPU
		{C2D3F30F-F493-4C7D-B116-C9DAC3B536D7}.Debug|Any CPU.Build.0 = Debug|Any CPU
		{C2D3F30F-F493-4C7D-B116-C9DAC3B536D7}.Debug|x64.ActiveCfg = Debug|Any CPU
		{C2D3F30F-F493-4C7D-B116-C9DAC3B536D7}.Debug|x64.Build.0 = Debug|Any CPU
		{C2D3F30F-F493-4C7D-B116-C9DAC3B536D7}.Debug|x86.ActiveCfg = Debug|Any CPU
		{C2D3F30F-F493-4C7D-B116-C9DAC3B536D7}.Debug|x86.Build.0 = Debug|Any CPU
		{C2D3F30F-F493-4C7D-B116-C9DAC3B536D7}.Release|Any CPU.ActiveCfg = Release|Any CPU
		{C2D3F30F-F493-4C7D-B116-C9DAC3B536D7}.Release|Any CPU.Build.0 = Release|Any CPU
		{C2D3F30F-F493-4C7D-B116-C9DAC3B536D7}.Release|x64.ActiveCfg = Release|Any CPU
		{C2D3F30F-F493-4C7D-B116-C9DAC3B536D7}.Release|x64.Build.0 = Release|Any CPU
		{C2D3F30F-F493-4C7D-B116-C9DAC3B536D7}.Release|x86.ActiveCfg = Release|Any CPU
		{C2D3F30F-F493-4C7D-B116-C9DAC3B536D7}.Release|x86.Build.0 = Release|Any CPU
		{0B3D045A-19D5-4EF2-8A39-D13F43329F42}.Debug|Any CPU.ActiveCfg = Debug|Any CPU
		{0B3D045A-19D5-4EF2-8A39-D13F43329F42}.Debug|Any CPU.Build.0 = Debug|Any CPU
		{0B3D045A-19D5-4EF2-8A39-D13F43329F42}.Debug|x64.ActiveCfg = Debug|Any CPU
		{0B3D045A-19D5-4EF2-8A39-D13F43329F42}.Debug|x64.Build.0 = Debug|Any CPU
		{0B3D045A-19D5-4EF2-8A39-D13F43329F42}.Debug|x86.ActiveCfg = Debug|Any CPU
		{0B3D045A-19D5-4EF2-8A39-D13F43329F42}.Debug|x86.Build.0 = Debug|Any CPU
		{0B3D045A-19D5-4EF2-8A39-D13F43329F42}.Release|Any CPU.ActiveCfg = Release|Any CPU
		{0B3D045A-19D5-4EF2-8A39-D13F43329F42}.Release|Any CPU.Build.0 = Release|Any CPU
		{0B3D045A-19D5-4EF2-8A39-D13F43329F42}.Release|x64.ActiveCfg = Release|Any CPU
		{0B3D045A-19D5-4EF2-8A39-D13F43329F42}.Release|x64.Build.0 = Release|Any CPU
		{0B3D045A-19D5-4EF2-8A39-D13F43329F42}.Release|x86.ActiveCfg = Release|Any CPU
		{0B3D045A-19D5-4EF2-8A39-D13F43329F42}.Release|x86.Build.0 = Release|Any CPU
		{F9FAE91C-4F3C-40D7-9C2F-4D9930EED86C}.Debug|Any CPU.ActiveCfg = Debug|Any CPU
		{F9FAE91C-4F3C-40D7-9C2F-4D9930EED86C}.Debug|Any CPU.Build.0 = Debug|Any CPU
		{F9FAE91C-4F3C-40D7-9C2F-4D9930EED86C}.Debug|x64.ActiveCfg = Debug|Any CPU
		{F9FAE91C-4F3C-40D7-9C2F-4D9930EED86C}.Debug|x64.Build.0 = Debug|Any CPU
		{F9FAE91C-4F3C-40D7-9C2F-4D9930EED86C}.Debug|x86.ActiveCfg = Debug|Any CPU
		{F9FAE91C-4F3C-40D7-9C2F-4D9930EED86C}.Debug|x86.Build.0 = Debug|Any CPU
		{F9FAE91C-4F3C-40D7-9C2F-4D9930EED86C}.Release|Any CPU.ActiveCfg = Release|Any CPU
		{F9FAE91C-4F3C-40D7-9C2F-4D9930EED86C}.Release|Any CPU.Build.0 = Release|Any CPU
		{F9FAE91C-4F3C-40D7-9C2F-4D9930EED86C}.Release|x64.ActiveCfg = Release|Any CPU
		{F9FAE91C-4F3C-40D7-9C2F-4D9930EED86C}.Release|x64.Build.0 = Release|Any CPU
		{F9FAE91C-4F3C-40D7-9C2F-4D9930EED86C}.Release|x86.ActiveCfg = Release|Any CPU
		{F9FAE91C-4F3C-40D7-9C2F-4D9930EED86C}.Release|x86.Build.0 = Release|Any CPU
		{79898207-4E66-42F3-A432-8CF5BA49FAEB}.Debug|Any CPU.ActiveCfg = Debug|Any CPU
		{79898207-4E66-42F3-A432-8CF5BA49FAEB}.Debug|Any CPU.Build.0 = Debug|Any CPU
		{79898207-4E66-42F3-A432-8CF5BA49FAEB}.Debug|x64.ActiveCfg = Debug|Any CPU
		{79898207-4E66-42F3-A432-8CF5BA49FAEB}.Debug|x64.Build.0 = Debug|Any CPU
		{79898207-4E66-42F3-A432-8CF5BA49FAEB}.Debug|x86.ActiveCfg = Debug|Any CPU
		{79898207-4E66-42F3-A432-8CF5BA49FAEB}.Debug|x86.Build.0 = Debug|Any CPU
		{79898207-4E66-42F3-A432-8CF5BA49FAEB}.Release|Any CPU.ActiveCfg = Release|Any CPU
		{79898207-4E66-42F3-A432-8CF5BA49FAEB}.Release|Any CPU.Build.0 = Release|Any CPU
		{79898207-4E66-42F3-A432-8CF5BA49FAEB}.Release|x64.ActiveCfg = Release|Any CPU
		{79898207-4E66-42F3-A432-8CF5BA49FAEB}.Release|x64.Build.0 = Release|Any CPU
		{79898207-4E66-42F3-A432-8CF5BA49FAEB}.Release|x86.ActiveCfg = Release|Any CPU
		{79898207-4E66-42F3-A432-8CF5BA49FAEB}.Release|x86.Build.0 = Release|Any CPU
		{11789413-DC67-4D95-B083-D7125605960C}.Debug|Any CPU.ActiveCfg = Debug|Any CPU
		{11789413-DC67-4D95-B083-D7125605960C}.Debug|Any CPU.Build.0 = Debug|Any CPU
		{11789413-DC67-4D95-B083-D7125605960C}.Debug|x64.ActiveCfg = Debug|Any CPU
		{11789413-DC67-4D95-B083-D7125605960C}.Debug|x64.Build.0 = Debug|Any CPU
		{11789413-DC67-4D95-B083-D7125605960C}.Debug|x86.ActiveCfg = Debug|Any CPU
		{11789413-DC67-4D95-B083-D7125605960C}.Debug|x86.Build.0 = Debug|Any CPU
		{11789413-DC67-4D95-B083-D7125605960C}.Release|Any CPU.ActiveCfg = Release|Any CPU
		{11789413-DC67-4D95-B083-D7125605960C}.Release|Any CPU.Build.0 = Release|Any CPU
		{11789413-DC67-4D95-B083-D7125605960C}.Release|x64.ActiveCfg = Release|Any CPU
		{11789413-DC67-4D95-B083-D7125605960C}.Release|x64.Build.0 = Release|Any CPU
		{11789413-DC67-4D95-B083-D7125605960C}.Release|x86.ActiveCfg = Release|Any CPU
		{11789413-DC67-4D95-B083-D7125605960C}.Release|x86.Build.0 = Release|Any CPU
		{91A7F109-65EC-4951-914B-0FDEBA267A48}.Debug|Any CPU.ActiveCfg = Debug|Any CPU
		{91A7F109-65EC-4951-914B-0FDEBA267A48}.Debug|Any CPU.Build.0 = Debug|Any CPU
		{91A7F109-65EC-4951-914B-0FDEBA267A48}.Debug|x64.ActiveCfg = Debug|Any CPU
		{91A7F109-65EC-4951-914B-0FDEBA267A48}.Debug|x64.Build.0 = Debug|Any CPU
		{91A7F109-65EC-4951-914B-0FDEBA267A48}.Debug|x86.ActiveCfg = Debug|Any CPU
		{91A7F109-65EC-4951-914B-0FDEBA267A48}.Debug|x86.Build.0 = Debug|Any CPU
		{91A7F109-65EC-4951-914B-0FDEBA267A48}.Release|Any CPU.ActiveCfg = Release|Any CPU
		{91A7F109-65EC-4951-914B-0FDEBA267A48}.Release|Any CPU.Build.0 = Release|Any CPU
		{91A7F109-65EC-4951-914B-0FDEBA267A48}.Release|x64.ActiveCfg = Release|Any CPU
		{91A7F109-65EC-4951-914B-0FDEBA267A48}.Release|x64.Build.0 = Release|Any CPU
		{91A7F109-65EC-4951-914B-0FDEBA267A48}.Release|x86.ActiveCfg = Release|Any CPU
		{91A7F109-65EC-4951-914B-0FDEBA267A48}.Release|x86.Build.0 = Release|Any CPU
		{48C59233-D7A7-4E0C-AD75-AF19C4D5BF1E}.Debug|Any CPU.ActiveCfg = Debug|Any CPU
		{48C59233-D7A7-4E0C-AD75-AF19C4D5BF1E}.Debug|Any CPU.Build.0 = Debug|Any CPU
		{48C59233-D7A7-4E0C-AD75-AF19C4D5BF1E}.Debug|x64.ActiveCfg = Debug|Any CPU
		{48C59233-D7A7-4E0C-AD75-AF19C4D5BF1E}.Debug|x64.Build.0 = Debug|Any CPU
		{48C59233-D7A7-4E0C-AD75-AF19C4D5BF1E}.Debug|x86.ActiveCfg = Debug|Any CPU
		{48C59233-D7A7-4E0C-AD75-AF19C4D5BF1E}.Debug|x86.Build.0 = Debug|Any CPU
		{48C59233-D7A7-4E0C-AD75-AF19C4D5BF1E}.Release|Any CPU.ActiveCfg = Release|Any CPU
		{48C59233-D7A7-4E0C-AD75-AF19C4D5BF1E}.Release|Any CPU.Build.0 = Release|Any CPU
		{48C59233-D7A7-4E0C-AD75-AF19C4D5BF1E}.Release|x64.ActiveCfg = Release|Any CPU
		{48C59233-D7A7-4E0C-AD75-AF19C4D5BF1E}.Release|x64.Build.0 = Release|Any CPU
		{48C59233-D7A7-4E0C-AD75-AF19C4D5BF1E}.Release|x86.ActiveCfg = Release|Any CPU
		{48C59233-D7A7-4E0C-AD75-AF19C4D5BF1E}.Release|x86.Build.0 = Release|Any CPU
		{BD595966-79DB-4EF7-B0F7-9269BEE352CF}.Debug|Any CPU.ActiveCfg = Debug|Any CPU
		{BD595966-79DB-4EF7-B0F7-9269BEE352CF}.Debug|Any CPU.Build.0 = Debug|Any CPU
		{BD595966-79DB-4EF7-B0F7-9269BEE352CF}.Debug|x64.ActiveCfg = Debug|Any CPU
		{BD595966-79DB-4EF7-B0F7-9269BEE352CF}.Debug|x64.Build.0 = Debug|Any CPU
		{BD595966-79DB-4EF7-B0F7-9269BEE352CF}.Debug|x86.ActiveCfg = Debug|Any CPU
		{BD595966-79DB-4EF7-B0F7-9269BEE352CF}.Debug|x86.Build.0 = Debug|Any CPU
		{BD595966-79DB-4EF7-B0F7-9269BEE352CF}.Release|Any CPU.ActiveCfg = Release|Any CPU
		{BD595966-79DB-4EF7-B0F7-9269BEE352CF}.Release|Any CPU.Build.0 = Release|Any CPU
		{BD595966-79DB-4EF7-B0F7-9269BEE352CF}.Release|x64.ActiveCfg = Release|Any CPU
		{BD595966-79DB-4EF7-B0F7-9269BEE352CF}.Release|x64.Build.0 = Release|Any CPU
		{BD595966-79DB-4EF7-B0F7-9269BEE352CF}.Release|x86.ActiveCfg = Release|Any CPU
		{BD595966-79DB-4EF7-B0F7-9269BEE352CF}.Release|x86.Build.0 = Release|Any CPU
		{7EA22609-A93C-45EC-96AA-183F7CD2FBFE}.Debug|Any CPU.ActiveCfg = Debug|Any CPU
		{7EA22609-A93C-45EC-96AA-183F7CD2FBFE}.Debug|Any CPU.Build.0 = Debug|Any CPU
		{7EA22609-A93C-45EC-96AA-183F7CD2FBFE}.Debug|x64.ActiveCfg = Debug|Any CPU
		{7EA22609-A93C-45EC-96AA-183F7CD2FBFE}.Debug|x64.Build.0 = Debug|Any CPU
		{7EA22609-A93C-45EC-96AA-183F7CD2FBFE}.Debug|x86.ActiveCfg = Debug|Any CPU
		{7EA22609-A93C-45EC-96AA-183F7CD2FBFE}.Debug|x86.Build.0 = Debug|Any CPU
		{7EA22609-A93C-45EC-96AA-183F7CD2FBFE}.Release|Any CPU.ActiveCfg = Release|Any CPU
		{7EA22609-A93C-45EC-96AA-183F7CD2FBFE}.Release|Any CPU.Build.0 = Release|Any CPU
		{7EA22609-A93C-45EC-96AA-183F7CD2FBFE}.Release|x64.ActiveCfg = Release|Any CPU
		{7EA22609-A93C-45EC-96AA-183F7CD2FBFE}.Release|x64.Build.0 = Release|Any CPU
		{7EA22609-A93C-45EC-96AA-183F7CD2FBFE}.Release|x86.ActiveCfg = Release|Any CPU
		{7EA22609-A93C-45EC-96AA-183F7CD2FBFE}.Release|x86.Build.0 = Release|Any CPU
		{B26C90BA-4664-4D63-BD09-DF9D31E70AB3}.Debug|Any CPU.ActiveCfg = Debug|Any CPU
		{B26C90BA-4664-4D63-BD09-DF9D31E70AB3}.Debug|Any CPU.Build.0 = Debug|Any CPU
		{B26C90BA-4664-4D63-BD09-DF9D31E70AB3}.Debug|x64.ActiveCfg = Debug|Any CPU
		{B26C90BA-4664-4D63-BD09-DF9D31E70AB3}.Debug|x64.Build.0 = Debug|Any CPU
		{B26C90BA-4664-4D63-BD09-DF9D31E70AB3}.Debug|x86.ActiveCfg = Debug|Any CPU
		{B26C90BA-4664-4D63-BD09-DF9D31E70AB3}.Debug|x86.Build.0 = Debug|Any CPU
		{B26C90BA-4664-4D63-BD09-DF9D31E70AB3}.Release|Any CPU.ActiveCfg = Release|Any CPU
		{B26C90BA-4664-4D63-BD09-DF9D31E70AB3}.Release|Any CPU.Build.0 = Release|Any CPU
		{B26C90BA-4664-4D63-BD09-DF9D31E70AB3}.Release|x64.ActiveCfg = Release|Any CPU
		{B26C90BA-4664-4D63-BD09-DF9D31E70AB3}.Release|x64.Build.0 = Release|Any CPU
		{B26C90BA-4664-4D63-BD09-DF9D31E70AB3}.Release|x86.ActiveCfg = Release|Any CPU
		{B26C90BA-4664-4D63-BD09-DF9D31E70AB3}.Release|x86.Build.0 = Release|Any CPU
		{B22057EC-FDA4-4C22-8A91-B057B394DCAA}.Debug|Any CPU.ActiveCfg = Debug|Any CPU
		{B22057EC-FDA4-4C22-8A91-B057B394DCAA}.Debug|Any CPU.Build.0 = Debug|Any CPU
		{B22057EC-FDA4-4C22-8A91-B057B394DCAA}.Debug|x64.ActiveCfg = Debug|Any CPU
		{B22057EC-FDA4-4C22-8A91-B057B394DCAA}.Debug|x64.Build.0 = Debug|Any CPU
		{B22057EC-FDA4-4C22-8A91-B057B394DCAA}.Debug|x86.ActiveCfg = Debug|Any CPU
		{B22057EC-FDA4-4C22-8A91-B057B394DCAA}.Debug|x86.Build.0 = Debug|Any CPU
		{B22057EC-FDA4-4C22-8A91-B057B394DCAA}.Release|Any CPU.ActiveCfg = Release|Any CPU
		{B22057EC-FDA4-4C22-8A91-B057B394DCAA}.Release|Any CPU.Build.0 = Release|Any CPU
		{B22057EC-FDA4-4C22-8A91-B057B394DCAA}.Release|x64.ActiveCfg = Release|Any CPU
		{B22057EC-FDA4-4C22-8A91-B057B394DCAA}.Release|x64.Build.0 = Release|Any CPU
		{B22057EC-FDA4-4C22-8A91-B057B394DCAA}.Release|x86.ActiveCfg = Release|Any CPU
		{B22057EC-FDA4-4C22-8A91-B057B394DCAA}.Release|x86.Build.0 = Release|Any CPU
	EndGlobalSection
	GlobalSection(SolutionProperties) = preSolution
		HideSolutionNode = FALSE
	EndGlobalSection
	GlobalSection(NestedProjects) = preSolution
		{A76CA949-469E-480B-B5A0-264F7878F56C} = {827E0CD3-B72D-47B6-A68D-7590B98EB39B}
		{9D3F6309-CBA5-4243-ADE2-585A5990F8FA} = {827E0CD3-B72D-47B6-A68D-7590B98EB39B}
		{C095C40B-CAB7-4C3F-9CE4-217147CB8794} = {827E0CD3-B72D-47B6-A68D-7590B98EB39B}
		{0C701E22-C822-496F-BD26-0ED8347FF368} = {5D20AA90-6969-D8BD-9DCD-8634F4692FDA}
		{135D6F50-358A-4D0F-B49D-15AAA5E9A364} = {827E0CD3-B72D-47B6-A68D-7590B98EB39B}
		{C2D3F30F-F493-4C7D-B116-C9DAC3B536D7} = {0AB3BF05-4346-4AA6-1389-037BE0695223}
		{0B3D045A-19D5-4EF2-8A39-D13F43329F42} = {0AB3BF05-4346-4AA6-1389-037BE0695223}
		{F9FAE91C-4F3C-40D7-9C2F-4D9930EED86C} = {827E0CD3-B72D-47B6-A68D-7590B98EB39B}
		{79898207-4E66-42F3-A432-8CF5BA49FAEB} = {0AB3BF05-4346-4AA6-1389-037BE0695223}
		{11789413-DC67-4D95-B083-D7125605960C} = {0AB3BF05-4346-4AA6-1389-037BE0695223}
		{91A7F109-65EC-4951-914B-0FDEBA267A48} = {0AB3BF05-4346-4AA6-1389-037BE0695223}
		{48C59233-D7A7-4E0C-AD75-AF19C4D5BF1E} = {827E0CD3-B72D-47B6-A68D-7590B98EB39B}
		{BD595966-79DB-4EF7-B0F7-9269BEE352CF} = {0AB3BF05-4346-4AA6-1389-037BE0695223}
		{7EA22609-A93C-45EC-96AA-183F7CD2FBFE} = {827E0CD3-B72D-47B6-A68D-7590B98EB39B}
		{B26C90BA-4664-4D63-BD09-DF9D31E70AB3} = {0AB3BF05-4346-4AA6-1389-037BE0695223}
		{B22057EC-FDA4-4C22-8A91-B057B394DCAA} = {5D20AA90-6969-D8BD-9DCD-8634F4692FDA}
	EndGlobalSection
EndGlobal
